PODS:
  - boost (1.83.0)
  - DoubleConversion (1.1.6)
  - FBLazyVector (0.74.0-nightly-20240114-f30acc6f5)
  - fmt (9.1.0)
  - glog (0.3.5)
  - hermes-engine (0.74.0-nightly-20240114-f30acc6f5):
    - hermes-engine/Pre-built (= 0.74.0-nightly-20240114-f30acc6f5)
  - hermes-engine/Pre-built (0.74.0-nightly-20240114-f30acc6f5)
  - RCT-Folly (2024.01.01.00):
    - boost
    - DoubleConversion
    - fmt (= 9.1.0)
    - glog
    - RCT-Folly/Default (= 2024.01.01.00)
  - RCT-Folly/Default (2024.01.01.00):
    - boost
    - DoubleConversion
    - fmt (= 9.1.0)
    - glog
  - RCT-Folly/Fabric (2024.01.01.00):
    - boost
    - DoubleConversion
    - fmt (= 9.1.0)
    - glog
  - RCTDeprecation (0.74.0-nightly-20240114-f30acc6f5)
  - RCTRequired (0.74.0-nightly-20240114-f30acc6f5)
  - RCTTypeSafety (0.74.0-nightly-20240114-f30acc6f5):
    - FBLazyVector (= 0.74.0-nightly-20240114-f30acc6f5)
    - RCTRequired (= 0.74.0-nightly-20240114-f30acc6f5)
    - React-Core (= 0.74.0-nightly-20240114-f30acc6f5)
  - React (0.74.0-nightly-20240114-f30acc6f5):
    - React-Core (= 0.74.0-nightly-20240114-f30acc6f5)
    - React-Core/DevSupport (= 0.74.0-nightly-20240114-f30acc6f5)
    - React-Core/RCTWebSocket (= 0.74.0-nightly-20240114-f30acc6f5)
    - React-RCTActionSheet (= 0.74.0-nightly-20240114-f30acc6f5)
    - React-RCTAnimation (= 0.74.0-nightly-20240114-f30acc6f5)
    - React-RCTBlob (= 0.74.0-nightly-20240114-f30acc6f5)
    - React-RCTImage (= 0.74.0-nightly-20240114-f30acc6f5)
    - React-RCTLinking (= 0.74.0-nightly-20240114-f30acc6f5)
    - React-RCTNetwork (= 0.74.0-nightly-20240114-f30acc6f5)
    - React-RCTSettings (= 0.74.0-nightly-20240114-f30acc6f5)
    - React-RCTText (= 0.74.0-nightly-20240114-f30acc6f5)
    - React-RCTVibration (= 0.74.0-nightly-20240114-f30acc6f5)
  - React-callinvoker (0.74.0-nightly-20240114-f30acc6f5)
  - React-Codegen (0.74.0-nightly-20240114-f30acc6f5):
    - DoubleConversion
    - glog
    - hermes-engine
    - RCT-Folly
    - RCTRequired
    - RCTTypeSafety
    - React-Core
    - React-debug
    - React-Fabric
    - React-FabricImage
    - React-graphics
    - React-jsi
    - React-jsiexecutor
    - React-NativeModulesApple
    - React-rendererdebug
    - React-utils
    - ReactCommon/turbomodule/bridging
    - ReactCommon/turbomodule/core
  - React-Core (0.74.0-nightly-20240114-f30acc6f5):
    - glog
    - hermes-engine
    - RCT-Folly (= 2024.01.01.00)
    - RCTDeprecation
    - React-Core/Default (= 0.74.0-nightly-20240114-f30acc6f5)
    - React-cxxreact
    - React-hermes
    - React-jsi
    - React-jsiexecutor
    - React-perflogger
    - React-runtimescheduler
    - React-utils
    - SocketRocket (= 0.7.0)
    - Yoga
  - React-Core/CoreModulesHeaders (0.74.0-nightly-20240114-f30acc6f5):
    - glog
    - hermes-engine
    - RCT-Folly (= 2024.01.01.00)
    - RCTDeprecation
    - React-Core/Default
    - React-cxxreact
    - React-hermes
    - React-jsi
    - React-jsiexecutor
    - React-perflogger
    - React-runtimescheduler
    - React-utils
    - SocketRocket (= 0.7.0)
    - Yoga
  - React-Core/Default (0.74.0-nightly-20240114-f30acc6f5):
    - glog
    - hermes-engine
    - RCT-Folly (= 2024.01.01.00)
    - RCTDeprecation
    - React-cxxreact
    - React-hermes
    - React-jsi
    - React-jsiexecutor
    - React-perflogger
    - React-runtimescheduler
    - React-utils
    - SocketRocket (= 0.7.0)
    - Yoga
  - React-Core/DevSupport (0.74.0-nightly-20240114-f30acc6f5):
    - glog
    - hermes-engine
    - RCT-Folly (= 2024.01.01.00)
    - RCTDeprecation
    - React-Core/Default (= 0.74.0-nightly-20240114-f30acc6f5)
    - React-Core/RCTWebSocket (= 0.74.0-nightly-20240114-f30acc6f5)
    - React-cxxreact
    - React-hermes
    - React-jsi
    - React-jsiexecutor
    - React-jsinspector (= 0.74.0-nightly-20240114-f30acc6f5)
    - React-perflogger
    - React-runtimescheduler
    - React-utils
    - SocketRocket (= 0.7.0)
    - Yoga
  - React-Core/RCTActionSheetHeaders (0.74.0-nightly-20240114-f30acc6f5):
    - glog
    - hermes-engine
    - RCT-Folly (= 2024.01.01.00)
    - RCTDeprecation
    - React-Core/Default
    - React-cxxreact
    - React-hermes
    - React-jsi
    - React-jsiexecutor
    - React-perflogger
    - React-runtimescheduler
    - React-utils
    - SocketRocket (= 0.7.0)
    - Yoga
  - React-Core/RCTAnimationHeaders (0.74.0-nightly-20240114-f30acc6f5):
    - glog
    - hermes-engine
    - RCT-Folly (= 2024.01.01.00)
    - RCTDeprecation
    - React-Core/Default
    - React-cxxreact
    - React-hermes
    - React-jsi
    - React-jsiexecutor
    - React-perflogger
    - React-runtimescheduler
    - React-utils
    - SocketRocket (= 0.7.0)
    - Yoga
  - React-Core/RCTBlobHeaders (0.74.0-nightly-20240114-f30acc6f5):
    - glog
    - hermes-engine
    - RCT-Folly (= 2024.01.01.00)
    - RCTDeprecation
    - React-Core/Default
    - React-cxxreact
    - React-hermes
    - React-jsi
    - React-jsiexecutor
    - React-perflogger
    - React-runtimescheduler
    - React-utils
    - SocketRocket (= 0.7.0)
    - Yoga
  - React-Core/RCTImageHeaders (0.74.0-nightly-20240114-f30acc6f5):
    - glog
    - hermes-engine
    - RCT-Folly (= 2024.01.01.00)
    - RCTDeprecation
    - React-Core/Default
    - React-cxxreact
    - React-hermes
    - React-jsi
    - React-jsiexecutor
    - React-perflogger
    - React-runtimescheduler
    - React-utils
    - SocketRocket (= 0.7.0)
    - Yoga
  - React-Core/RCTLinkingHeaders (0.74.0-nightly-20240114-f30acc6f5):
    - glog
    - hermes-engine
    - RCT-Folly (= 2024.01.01.00)
    - RCTDeprecation
    - React-Core/Default
    - React-cxxreact
    - React-hermes
    - React-jsi
    - React-jsiexecutor
    - React-perflogger
    - React-runtimescheduler
    - React-utils
    - SocketRocket (= 0.7.0)
    - Yoga
  - React-Core/RCTNetworkHeaders (0.74.0-nightly-20240114-f30acc6f5):
    - glog
    - hermes-engine
    - RCT-Folly (= 2024.01.01.00)
    - RCTDeprecation
    - React-Core/Default
    - React-cxxreact
    - React-hermes
    - React-jsi
    - React-jsiexecutor
    - React-perflogger
    - React-runtimescheduler
    - React-utils
    - SocketRocket (= 0.7.0)
    - Yoga
  - React-Core/RCTSettingsHeaders (0.74.0-nightly-20240114-f30acc6f5):
    - glog
    - hermes-engine
    - RCT-Folly (= 2024.01.01.00)
    - RCTDeprecation
    - React-Core/Default
    - React-cxxreact
    - React-hermes
    - React-jsi
    - React-jsiexecutor
    - React-perflogger
    - React-runtimescheduler
    - React-utils
    - SocketRocket (= 0.7.0)
    - Yoga
  - React-Core/RCTTextHeaders (0.74.0-nightly-20240114-f30acc6f5):
    - glog
    - hermes-engine
    - RCT-Folly (= 2024.01.01.00)
    - RCTDeprecation
    - React-Core/Default
    - React-cxxreact
    - React-hermes
    - React-jsi
    - React-jsiexecutor
    - React-perflogger
    - React-runtimescheduler
    - React-utils
    - SocketRocket (= 0.7.0)
    - Yoga
  - React-Core/RCTVibrationHeaders (0.74.0-nightly-20240114-f30acc6f5):
    - glog
    - hermes-engine
    - RCT-Folly (= 2024.01.01.00)
    - RCTDeprecation
    - React-Core/Default
    - React-cxxreact
    - React-hermes
    - React-jsi
    - React-jsiexecutor
    - React-perflogger
    - React-runtimescheduler
    - React-utils
    - SocketRocket (= 0.7.0)
    - Yoga
  - React-Core/RCTWebSocket (0.74.0-nightly-20240114-f30acc6f5):
    - glog
    - hermes-engine
    - RCT-Folly (= 2024.01.01.00)
    - RCTDeprecation
    - React-Core/Default (= 0.74.0-nightly-20240114-f30acc6f5)
    - React-cxxreact
    - React-hermes
    - React-jsi
    - React-jsiexecutor
    - React-perflogger
    - React-runtimescheduler
    - React-utils
    - SocketRocket (= 0.7.0)
    - Yoga
  - React-CoreModules (0.74.0-nightly-20240114-f30acc6f5):
    - RCT-Folly (= 2024.01.01.00)
    - RCTTypeSafety (= 0.74.0-nightly-20240114-f30acc6f5)
    - React-Codegen
    - React-Core/CoreModulesHeaders (= 0.74.0-nightly-20240114-f30acc6f5)
    - React-jsi (= 0.74.0-nightly-20240114-f30acc6f5)
    - React-NativeModulesApple
    - React-RCTBlob
    - React-RCTImage (= 0.74.0-nightly-20240114-f30acc6f5)
    - ReactCommon
    - SocketRocket (= 0.7.0)
  - React-cxxreact (0.74.0-nightly-20240114-f30acc6f5):
    - boost (= 1.83.0)
    - DoubleConversion
    - fmt (= 9.1.0)
    - glog
    - hermes-engine
    - RCT-Folly (= 2024.01.01.00)
    - React-callinvoker (= 0.74.0-nightly-20240114-f30acc6f5)
    - React-debug (= 0.74.0-nightly-20240114-f30acc6f5)
    - React-jsi (= 0.74.0-nightly-20240114-f30acc6f5)
    - React-jsinspector (= 0.74.0-nightly-20240114-f30acc6f5)
    - React-logger (= 0.74.0-nightly-20240114-f30acc6f5)
    - React-perflogger (= 0.74.0-nightly-20240114-f30acc6f5)
    - React-runtimeexecutor (= 0.74.0-nightly-20240114-f30acc6f5)
  - React-debug (0.74.0-nightly-20240114-f30acc6f5)
  - React-Fabric (0.74.0-nightly-20240114-f30acc6f5):
    - DoubleConversion
    - fmt (= 9.1.0)
    - glog
    - hermes-engine
    - RCT-Folly/Fabric (= 2024.01.01.00)
    - RCTRequired
    - RCTTypeSafety
    - React-Core
    - React-cxxreact
    - React-debug
    - React-Fabric/animations (= 0.74.0-nightly-20240114-f30acc6f5)
    - React-Fabric/attributedstring (= 0.74.0-nightly-20240114-f30acc6f5)
    - React-Fabric/componentregistry (= 0.74.0-nightly-20240114-f30acc6f5)
    - React-Fabric/componentregistrynative (= 0.74.0-nightly-20240114-f30acc6f5)
    - React-Fabric/components (= 0.74.0-nightly-20240114-f30acc6f5)
    - React-Fabric/core (= 0.74.0-nightly-20240114-f30acc6f5)
    - React-Fabric/imagemanager (= 0.74.0-nightly-20240114-f30acc6f5)
    - React-Fabric/leakchecker (= 0.74.0-nightly-20240114-f30acc6f5)
    - React-Fabric/mounting (= 0.74.0-nightly-20240114-f30acc6f5)
    - React-Fabric/scheduler (= 0.74.0-nightly-20240114-f30acc6f5)
    - React-Fabric/telemetry (= 0.74.0-nightly-20240114-f30acc6f5)
    - React-Fabric/templateprocessor (= 0.74.0-nightly-20240114-f30acc6f5)
    - React-Fabric/textlayoutmanager (= 0.74.0-nightly-20240114-f30acc6f5)
    - React-Fabric/uimanager (= 0.74.0-nightly-20240114-f30acc6f5)
    - React-graphics
    - React-jsi
    - React-jsiexecutor
    - React-logger
    - React-rendererdebug
    - React-runtimescheduler
    - React-utils
    - ReactCommon/turbomodule/core
  - React-Fabric/animations (0.74.0-nightly-20240114-f30acc6f5):
    - DoubleConversion
    - fmt (= 9.1.0)
    - glog
    - hermes-engine
    - RCT-Folly/Fabric (= 2024.01.01.00)
    - RCTRequired
    - RCTTypeSafety
    - React-Core
    - React-cxxreact
    - React-debug
    - React-graphics
    - React-jsi
    - React-jsiexecutor
    - React-logger
    - React-rendererdebug
    - React-runtimescheduler
    - React-utils
    - ReactCommon/turbomodule/core
  - React-Fabric/attributedstring (0.74.0-nightly-20240114-f30acc6f5):
    - DoubleConversion
    - fmt (= 9.1.0)
    - glog
    - hermes-engine
    - RCT-Folly/Fabric (= 2024.01.01.00)
    - RCTRequired
    - RCTTypeSafety
    - React-Core
    - React-cxxreact
    - React-debug
    - React-graphics
    - React-jsi
    - React-jsiexecutor
    - React-logger
    - React-rendererdebug
    - React-runtimescheduler
    - React-utils
    - ReactCommon/turbomodule/core
  - React-Fabric/componentregistry (0.74.0-nightly-20240114-f30acc6f5):
    - DoubleConversion
    - fmt (= 9.1.0)
    - glog
    - hermes-engine
    - RCT-Folly/Fabric (= 2024.01.01.00)
    - RCTRequired
    - RCTTypeSafety
    - React-Core
    - React-cxxreact
    - React-debug
    - React-graphics
    - React-jsi
    - React-jsiexecutor
    - React-logger
    - React-rendererdebug
    - React-runtimescheduler
    - React-utils
    - ReactCommon/turbomodule/core
  - React-Fabric/componentregistrynative (0.74.0-nightly-20240114-f30acc6f5):
    - DoubleConversion
    - fmt (= 9.1.0)
    - glog
    - hermes-engine
    - RCT-Folly/Fabric (= 2024.01.01.00)
    - RCTRequired
    - RCTTypeSafety
    - React-Core
    - React-cxxreact
    - React-debug
    - React-graphics
    - React-jsi
    - React-jsiexecutor
    - React-logger
    - React-rendererdebug
    - React-runtimescheduler
    - React-utils
    - ReactCommon/turbomodule/core
  - React-Fabric/components (0.74.0-nightly-20240114-f30acc6f5):
    - DoubleConversion
    - fmt (= 9.1.0)
    - glog
    - hermes-engine
    - RCT-Folly/Fabric (= 2024.01.01.00)
    - RCTRequired
    - RCTTypeSafety
    - React-Core
    - React-cxxreact
    - React-debug
    - React-Fabric/components/inputaccessory (= 0.74.0-nightly-20240114-f30acc6f5)
    - React-Fabric/components/legacyviewmanagerinterop (= 0.74.0-nightly-20240114-f30acc6f5)
    - React-Fabric/components/modal (= 0.74.0-nightly-20240114-f30acc6f5)
    - React-Fabric/components/rncore (= 0.74.0-nightly-20240114-f30acc6f5)
    - React-Fabric/components/root (= 0.74.0-nightly-20240114-f30acc6f5)
    - React-Fabric/components/safeareaview (= 0.74.0-nightly-20240114-f30acc6f5)
    - React-Fabric/components/scrollview (= 0.74.0-nightly-20240114-f30acc6f5)
    - React-Fabric/components/text (= 0.74.0-nightly-20240114-f30acc6f5)
    - React-Fabric/components/textinput (= 0.74.0-nightly-20240114-f30acc6f5)
    - React-Fabric/components/unimplementedview (= 0.74.0-nightly-20240114-f30acc6f5)
    - React-Fabric/components/view (= 0.74.0-nightly-20240114-f30acc6f5)
    - React-graphics
    - React-jsi
    - React-jsiexecutor
    - React-logger
    - React-rendererdebug
    - React-runtimescheduler
    - React-utils
    - ReactCommon/turbomodule/core
  - React-Fabric/components/inputaccessory (0.74.0-nightly-20240114-f30acc6f5):
    - DoubleConversion
    - fmt (= 9.1.0)
    - glog
    - hermes-engine
    - RCT-Folly/Fabric (= 2024.01.01.00)
    - RCTRequired
    - RCTTypeSafety
    - React-Core
    - React-cxxreact
    - React-debug
    - React-graphics
    - React-jsi
    - React-jsiexecutor
    - React-logger
    - React-rendererdebug
    - React-runtimescheduler
    - React-utils
    - ReactCommon/turbomodule/core
  - React-Fabric/components/legacyviewmanagerinterop (0.74.0-nightly-20240114-f30acc6f5):
    - DoubleConversion
    - fmt (= 9.1.0)
    - glog
    - hermes-engine
    - RCT-Folly/Fabric (= 2024.01.01.00)
    - RCTRequired
    - RCTTypeSafety
    - React-Core
    - React-cxxreact
    - React-debug
    - React-graphics
    - React-jsi
    - React-jsiexecutor
    - React-logger
    - React-rendererdebug
    - React-runtimescheduler
    - React-utils
    - ReactCommon/turbomodule/core
  - React-Fabric/components/modal (0.74.0-nightly-20240114-f30acc6f5):
    - DoubleConversion
    - fmt (= 9.1.0)
    - glog
    - hermes-engine
    - RCT-Folly/Fabric (= 2024.01.01.00)
    - RCTRequired
    - RCTTypeSafety
    - React-Core
    - React-cxxreact
    - React-debug
    - React-graphics
    - React-jsi
    - React-jsiexecutor
    - React-logger
    - React-rendererdebug
    - React-runtimescheduler
    - React-utils
    - ReactCommon/turbomodule/core
  - React-Fabric/components/rncore (0.74.0-nightly-20240114-f30acc6f5):
    - DoubleConversion
    - fmt (= 9.1.0)
    - glog
    - hermes-engine
    - RCT-Folly/Fabric (= 2024.01.01.00)
    - RCTRequired
    - RCTTypeSafety
    - React-Core
    - React-cxxreact
    - React-debug
    - React-graphics
    - React-jsi
    - React-jsiexecutor
    - React-logger
    - React-rendererdebug
    - React-runtimescheduler
    - React-utils
    - ReactCommon/turbomodule/core
  - React-Fabric/components/root (0.74.0-nightly-20240114-f30acc6f5):
    - DoubleConversion
    - fmt (= 9.1.0)
    - glog
    - hermes-engine
    - RCT-Folly/Fabric (= 2024.01.01.00)
    - RCTRequired
    - RCTTypeSafety
    - React-Core
    - React-cxxreact
    - React-debug
    - React-graphics
    - React-jsi
    - React-jsiexecutor
    - React-logger
    - React-rendererdebug
    - React-runtimescheduler
    - React-utils
    - ReactCommon/turbomodule/core
  - React-Fabric/components/safeareaview (0.74.0-nightly-20240114-f30acc6f5):
    - DoubleConversion
    - fmt (= 9.1.0)
    - glog
    - hermes-engine
    - RCT-Folly/Fabric (= 2024.01.01.00)
    - RCTRequired
    - RCTTypeSafety
    - React-Core
    - React-cxxreact
    - React-debug
    - React-graphics
    - React-jsi
    - React-jsiexecutor
    - React-logger
    - React-rendererdebug
    - React-runtimescheduler
    - React-utils
    - ReactCommon/turbomodule/core
  - React-Fabric/components/scrollview (0.74.0-nightly-20240114-f30acc6f5):
    - DoubleConversion
    - fmt (= 9.1.0)
    - glog
    - hermes-engine
    - RCT-Folly/Fabric (= 2024.01.01.00)
    - RCTRequired
    - RCTTypeSafety
    - React-Core
    - React-cxxreact
    - React-debug
    - React-graphics
    - React-jsi
    - React-jsiexecutor
    - React-logger
    - React-rendererdebug
    - React-runtimescheduler
    - React-utils
    - ReactCommon/turbomodule/core
  - React-Fabric/components/text (0.74.0-nightly-20240114-f30acc6f5):
    - DoubleConversion
    - fmt (= 9.1.0)
    - glog
    - hermes-engine
    - RCT-Folly/Fabric (= 2024.01.01.00)
    - RCTRequired
    - RCTTypeSafety
    - React-Core
    - React-cxxreact
    - React-debug
    - React-graphics
    - React-jsi
    - React-jsiexecutor
    - React-logger
    - React-rendererdebug
    - React-runtimescheduler
    - React-utils
    - ReactCommon/turbomodule/core
  - React-Fabric/components/textinput (0.74.0-nightly-20240114-f30acc6f5):
    - DoubleConversion
    - fmt (= 9.1.0)
    - glog
    - hermes-engine
    - RCT-Folly/Fabric (= 2024.01.01.00)
    - RCTRequired
    - RCTTypeSafety
    - React-Core
    - React-cxxreact
    - React-debug
    - React-graphics
    - React-jsi
    - React-jsiexecutor
    - React-logger
    - React-rendererdebug
    - React-runtimescheduler
    - React-utils
    - ReactCommon/turbomodule/core
  - React-Fabric/components/unimplementedview (0.74.0-nightly-20240114-f30acc6f5):
    - DoubleConversion
    - fmt (= 9.1.0)
    - glog
    - hermes-engine
    - RCT-Folly/Fabric (= 2024.01.01.00)
    - RCTRequired
    - RCTTypeSafety
    - React-Core
    - React-cxxreact
    - React-debug
    - React-graphics
    - React-jsi
    - React-jsiexecutor
    - React-logger
    - React-rendererdebug
    - React-runtimescheduler
    - React-utils
    - ReactCommon/turbomodule/core
  - React-Fabric/components/view (0.74.0-nightly-20240114-f30acc6f5):
    - DoubleConversion
    - fmt (= 9.1.0)
    - glog
    - hermes-engine
    - RCT-Folly/Fabric (= 2024.01.01.00)
    - RCTRequired
    - RCTTypeSafety
    - React-Core
    - React-cxxreact
    - React-debug
    - React-graphics
    - React-jsi
    - React-jsiexecutor
    - React-logger
    - React-rendererdebug
    - React-runtimescheduler
    - React-utils
    - ReactCommon/turbomodule/core
    - Yoga
  - React-Fabric/core (0.74.0-nightly-20240114-f30acc6f5):
    - DoubleConversion
    - fmt (= 9.1.0)
    - glog
    - hermes-engine
    - RCT-Folly/Fabric (= 2024.01.01.00)
    - RCTRequired
    - RCTTypeSafety
    - React-Core
    - React-cxxreact
    - React-debug
    - React-graphics
    - React-jsi
    - React-jsiexecutor
    - React-logger
    - React-rendererdebug
    - React-runtimescheduler
    - React-utils
    - ReactCommon/turbomodule/core
  - React-Fabric/imagemanager (0.74.0-nightly-20240114-f30acc6f5):
    - DoubleConversion
    - fmt (= 9.1.0)
    - glog
    - hermes-engine
    - RCT-Folly/Fabric (= 2024.01.01.00)
    - RCTRequired
    - RCTTypeSafety
    - React-Core
    - React-cxxreact
    - React-debug
    - React-graphics
    - React-jsi
    - React-jsiexecutor
    - React-logger
    - React-rendererdebug
    - React-runtimescheduler
    - React-utils
    - ReactCommon/turbomodule/core
  - React-Fabric/leakchecker (0.74.0-nightly-20240114-f30acc6f5):
    - DoubleConversion
    - fmt (= 9.1.0)
    - glog
    - hermes-engine
    - RCT-Folly/Fabric (= 2024.01.01.00)
    - RCTRequired
    - RCTTypeSafety
    - React-Core
    - React-cxxreact
    - React-debug
    - React-graphics
    - React-jsi
    - React-jsiexecutor
    - React-logger
    - React-rendererdebug
    - React-runtimescheduler
    - React-utils
    - ReactCommon/turbomodule/core
  - React-Fabric/mounting (0.74.0-nightly-20240114-f30acc6f5):
    - DoubleConversion
    - fmt (= 9.1.0)
    - glog
    - hermes-engine
    - RCT-Folly/Fabric (= 2024.01.01.00)
    - RCTRequired
    - RCTTypeSafety
    - React-Core
    - React-cxxreact
    - React-debug
    - React-graphics
    - React-jsi
    - React-jsiexecutor
    - React-logger
    - React-rendererdebug
    - React-runtimescheduler
    - React-utils
    - ReactCommon/turbomodule/core
  - React-Fabric/scheduler (0.74.0-nightly-20240114-f30acc6f5):
    - DoubleConversion
    - fmt (= 9.1.0)
    - glog
    - hermes-engine
    - RCT-Folly/Fabric (= 2024.01.01.00)
    - RCTRequired
    - RCTTypeSafety
    - React-Core
    - React-cxxreact
    - React-debug
    - React-graphics
    - React-jsi
    - React-jsiexecutor
    - React-logger
    - React-rendererdebug
    - React-runtimescheduler
    - React-utils
    - ReactCommon/turbomodule/core
  - React-Fabric/telemetry (0.74.0-nightly-20240114-f30acc6f5):
    - DoubleConversion
    - fmt (= 9.1.0)
    - glog
    - hermes-engine
    - RCT-Folly/Fabric (= 2024.01.01.00)
    - RCTRequired
    - RCTTypeSafety
    - React-Core
    - React-cxxreact
    - React-debug
    - React-graphics
    - React-jsi
    - React-jsiexecutor
    - React-logger
    - React-rendererdebug
    - React-runtimescheduler
    - React-utils
    - ReactCommon/turbomodule/core
  - React-Fabric/templateprocessor (0.74.0-nightly-20240114-f30acc6f5):
    - DoubleConversion
    - fmt (= 9.1.0)
    - glog
    - hermes-engine
    - RCT-Folly/Fabric (= 2024.01.01.00)
    - RCTRequired
    - RCTTypeSafety
    - React-Core
    - React-cxxreact
    - React-debug
    - React-graphics
    - React-jsi
    - React-jsiexecutor
    - React-logger
    - React-rendererdebug
    - React-runtimescheduler
    - React-utils
    - ReactCommon/turbomodule/core
  - React-Fabric/textlayoutmanager (0.74.0-nightly-20240114-f30acc6f5):
    - DoubleConversion
    - fmt (= 9.1.0)
    - glog
    - hermes-engine
    - RCT-Folly/Fabric (= 2024.01.01.00)
    - RCTRequired
    - RCTTypeSafety
    - React-Core
    - React-cxxreact
    - React-debug
    - React-Fabric/uimanager
    - React-graphics
    - React-jsi
    - React-jsiexecutor
    - React-logger
    - React-rendererdebug
    - React-runtimescheduler
    - React-utils
    - ReactCommon/turbomodule/core
  - React-Fabric/uimanager (0.74.0-nightly-20240114-f30acc6f5):
    - DoubleConversion
    - fmt (= 9.1.0)
    - glog
    - hermes-engine
    - RCT-Folly/Fabric (= 2024.01.01.00)
    - RCTRequired
    - RCTTypeSafety
    - React-Core
    - React-cxxreact
    - React-debug
    - React-graphics
    - React-jsi
    - React-jsiexecutor
    - React-logger
    - React-rendererdebug
    - React-runtimescheduler
    - React-utils
    - ReactCommon/turbomodule/core
  - React-FabricImage (0.74.0-nightly-20240114-f30acc6f5):
    - DoubleConversion
    - fmt (= 9.1.0)
    - glog
    - hermes-engine
    - RCT-Folly/Fabric (= 2024.01.01.00)
    - RCTRequired (= 0.74.0-nightly-20240114-f30acc6f5)
    - RCTTypeSafety (= 0.74.0-nightly-20240114-f30acc6f5)
    - React-Fabric
    - React-graphics
    - React-ImageManager
    - React-jsi
    - React-jsiexecutor (= 0.74.0-nightly-20240114-f30acc6f5)
    - React-logger
    - React-rendererdebug
    - React-utils
    - ReactCommon
    - Yoga
  - React-graphics (0.74.0-nightly-20240114-f30acc6f5):
    - glog
    - RCT-Folly/Fabric (= 2024.01.01.00)
    - React-Core/Default (= 0.74.0-nightly-20240114-f30acc6f5)
    - React-utils
  - React-hermes (0.74.0-nightly-20240114-f30acc6f5):
    - DoubleConversion
    - fmt (= 9.1.0)
    - glog
    - hermes-engine
    - RCT-Folly (= 2024.01.01.00)
    - React-cxxreact (= 0.74.0-nightly-20240114-f30acc6f5)
    - React-jsi
    - React-jsiexecutor (= 0.74.0-nightly-20240114-f30acc6f5)
    - React-jsinspector (= 0.74.0-nightly-20240114-f30acc6f5)
    - React-perflogger (= 0.74.0-nightly-20240114-f30acc6f5)
  - React-ImageManager (0.74.0-nightly-20240114-f30acc6f5):
    - glog
    - RCT-Folly/Fabric
    - React-Core/Default
    - React-debug
    - React-Fabric
    - React-graphics
    - React-rendererdebug
    - React-utils
  - React-jserrorhandler (0.74.0-nightly-20240114-f30acc6f5):
    - RCT-Folly/Fabric (= 2024.01.01.00)
    - React-debug
    - React-jsi
    - React-Mapbuffer
  - React-jsi (0.74.0-nightly-20240114-f30acc6f5):
    - boost (= 1.83.0)
    - DoubleConversion
    - fmt (= 9.1.0)
    - glog
    - hermes-engine
    - RCT-Folly (= 2024.01.01.00)
  - React-jsiexecutor (0.74.0-nightly-20240114-f30acc6f5):
    - DoubleConversion
    - fmt (= 9.1.0)
    - glog
    - hermes-engine
    - RCT-Folly (= 2024.01.01.00)
    - React-cxxreact (= 0.74.0-nightly-20240114-f30acc6f5)
    - React-jsi (= 0.74.0-nightly-20240114-f30acc6f5)
    - React-perflogger (= 0.74.0-nightly-20240114-f30acc6f5)
  - React-jsinspector (0.74.0-nightly-20240114-f30acc6f5):
    - glog
    - RCT-Folly (= 2024.01.01.00)
    - React-nativeconfig
  - React-jsitracing (0.74.0-nightly-20240114-f30acc6f5):
    - React-jsi
  - React-logger (0.74.0-nightly-20240114-f30acc6f5):
    - glog
  - React-Mapbuffer (0.74.0-nightly-20240114-f30acc6f5):
    - glog
    - React-debug
  - React-nativeconfig (0.74.0-nightly-20240114-f30acc6f5)
  - React-NativeModulesApple (0.74.0-nightly-20240114-f30acc6f5):
    - glog
    - hermes-engine
    - React-callinvoker
    - React-Core
    - React-cxxreact
    - React-jsi
    - React-runtimeexecutor
    - ReactCommon/turbomodule/bridging
    - ReactCommon/turbomodule/core
  - React-perflogger (0.74.0-nightly-20240114-f30acc6f5)
  - React-RCTActionSheet (0.74.0-nightly-20240114-f30acc6f5):
    - React-Core/RCTActionSheetHeaders (= 0.74.0-nightly-20240114-f30acc6f5)
  - React-RCTAnimation (0.74.0-nightly-20240114-f30acc6f5):
    - RCT-Folly (= 2024.01.01.00)
    - RCTTypeSafety
    - React-Codegen
    - React-Core/RCTAnimationHeaders
    - React-jsi
    - React-NativeModulesApple
    - ReactCommon
  - React-RCTAppDelegate (0.74.0-nightly-20240114-f30acc6f5):
    - RCT-Folly
    - RCTRequired
    - RCTTypeSafety
    - React-Core
    - React-CoreModules
    - React-debug
    - React-Fabric
    - React-graphics
    - React-hermes
    - React-jsinspector
    - React-nativeconfig
    - React-NativeModulesApple
    - React-RCTFabric
    - React-RCTImage
    - React-RCTNetwork
    - React-rendererdebug
    - React-RuntimeApple
    - React-RuntimeCore
    - React-RuntimeHermes
    - React-runtimescheduler
    - React-utils
    - ReactCommon
  - React-RCTBlob (0.74.0-nightly-20240114-f30acc6f5):
    - hermes-engine
    - RCT-Folly (= 2024.01.01.00)
    - React-Codegen
    - React-Core/RCTBlobHeaders
    - React-Core/RCTWebSocket
    - React-jsi
    - React-NativeModulesApple
    - React-RCTNetwork
    - ReactCommon
  - React-RCTFabric (0.74.0-nightly-20240114-f30acc6f5):
    - glog
    - hermes-engine
    - RCT-Folly/Fabric (= 2024.01.01.00)
    - React-Core
    - React-debug
    - React-Fabric
    - React-FabricImage
    - React-graphics
    - React-ImageManager
    - React-jsi
    - React-nativeconfig
    - React-RCTImage
    - React-RCTText
    - React-rendererdebug
    - React-runtimescheduler
    - React-utils
    - Yoga
  - React-RCTImage (0.74.0-nightly-20240114-f30acc6f5):
    - RCT-Folly (= 2024.01.01.00)
    - RCTTypeSafety
    - React-Codegen
    - React-Core/RCTImageHeaders
    - React-jsi
    - React-NativeModulesApple
    - React-RCTNetwork
    - ReactCommon
  - React-RCTLinking (0.74.0-nightly-20240114-f30acc6f5):
    - React-Codegen
    - React-Core/RCTLinkingHeaders (= 0.74.0-nightly-20240114-f30acc6f5)
    - React-jsi (= 0.74.0-nightly-20240114-f30acc6f5)
    - React-NativeModulesApple
    - ReactCommon
    - ReactCommon/turbomodule/core (= 0.74.0-nightly-20240114-f30acc6f5)
  - React-RCTNetwork (0.74.0-nightly-20240114-f30acc6f5):
    - RCT-Folly (= 2024.01.01.00)
    - RCTTypeSafety
    - React-Codegen
    - React-Core/RCTNetworkHeaders
    - React-jsi
    - React-NativeModulesApple
    - ReactCommon
  - React-RCTSettings (0.74.0-nightly-20240114-f30acc6f5):
    - RCT-Folly (= 2024.01.01.00)
    - RCTTypeSafety
    - React-Codegen
    - React-Core/RCTSettingsHeaders
    - React-jsi
    - React-NativeModulesApple
    - ReactCommon
  - React-RCTText (0.74.0-nightly-20240114-f30acc6f5):
    - React-Core/RCTTextHeaders (= 0.74.0-nightly-20240114-f30acc6f5)
    - Yoga
  - React-RCTVibration (0.74.0-nightly-20240114-f30acc6f5):
    - RCT-Folly (= 2024.01.01.00)
    - React-Codegen
    - React-Core/RCTVibrationHeaders
    - React-jsi
    - React-NativeModulesApple
    - ReactCommon
  - React-rendererdebug (0.74.0-nightly-20240114-f30acc6f5):
    - DoubleConversion
    - fmt (= 9.1.0)
    - RCT-Folly (= 2024.01.01.00)
    - React-debug
  - React-rncore (0.74.0-nightly-20240114-f30acc6f5)
  - React-RuntimeApple (0.74.0-nightly-20240114-f30acc6f5):
    - hermes-engine
    - RCT-Folly/Fabric (= 2024.01.01.00)
    - React-callinvoker
    - React-Core/Default
    - React-CoreModules
    - React-cxxreact
    - React-jserrorhandler
    - React-jsi
    - React-jsiexecutor
    - React-Mapbuffer
    - React-NativeModulesApple
    - React-RCTFabric
    - React-RuntimeCore
    - React-runtimeexecutor
    - React-RuntimeHermes
    - React-utils
  - React-RuntimeCore (0.74.0-nightly-20240114-f30acc6f5):
    - glog
    - hermes-engine
    - RCT-Folly/Fabric (= 2024.01.01.00)
    - React-cxxreact
    - React-jserrorhandler
    - React-jsi
    - React-jsiexecutor
    - React-runtimeexecutor
    - React-runtimescheduler
    - React-utils
  - React-runtimeexecutor (0.74.0-nightly-20240114-f30acc6f5):
    - React-jsi (= 0.74.0-nightly-20240114-f30acc6f5)
  - React-RuntimeHermes (0.74.0-nightly-20240114-f30acc6f5):
    - hermes-engine
    - RCT-Folly/Fabric (= 2024.01.01.00)
    - React-jsi
    - React-jsitracing
    - React-nativeconfig
    - React-RuntimeCore
    - React-utils
  - React-runtimescheduler (0.74.0-nightly-20240114-f30acc6f5):
    - glog
    - hermes-engine
    - RCT-Folly (= 2024.01.01.00)
    - React-callinvoker
    - React-cxxreact
    - React-debug
    - React-jsi
    - React-rendererdebug
    - React-runtimeexecutor
    - React-utils
  - React-utils (0.74.0-nightly-20240114-f30acc6f5):
    - glog
    - RCT-Folly (= 2024.01.01.00)
    - React-debug
  - ReactCommon (0.74.0-nightly-20240114-f30acc6f5):
    - React-logger (= 0.74.0-nightly-20240114-f30acc6f5)
    - ReactCommon/turbomodule (= 0.74.0-nightly-20240114-f30acc6f5)
  - ReactCommon/turbomodule (0.74.0-nightly-20240114-f30acc6f5):
    - DoubleConversion
    - fmt (= 9.1.0)
    - glog
    - hermes-engine
    - RCT-Folly (= 2024.01.01.00)
    - React-callinvoker (= 0.74.0-nightly-20240114-f30acc6f5)
    - React-cxxreact (= 0.74.0-nightly-20240114-f30acc6f5)
    - React-jsi (= 0.74.0-nightly-20240114-f30acc6f5)
    - React-logger (= 0.74.0-nightly-20240114-f30acc6f5)
    - React-perflogger (= 0.74.0-nightly-20240114-f30acc6f5)
    - ReactCommon/turbomodule/bridging (= 0.74.0-nightly-20240114-f30acc6f5)
    - ReactCommon/turbomodule/core (= 0.74.0-nightly-20240114-f30acc6f5)
  - ReactCommon/turbomodule/bridging (0.74.0-nightly-20240114-f30acc6f5):
    - DoubleConversion
    - fmt (= 9.1.0)
    - glog
    - hermes-engine
    - RCT-Folly (= 2024.01.01.00)
    - React-callinvoker (= 0.74.0-nightly-20240114-f30acc6f5)
    - React-cxxreact (= 0.74.0-nightly-20240114-f30acc6f5)
    - React-jsi (= 0.74.0-nightly-20240114-f30acc6f5)
    - React-logger (= 0.74.0-nightly-20240114-f30acc6f5)
    - React-perflogger (= 0.74.0-nightly-20240114-f30acc6f5)
  - ReactCommon/turbomodule/core (0.74.0-nightly-20240114-f30acc6f5):
    - DoubleConversion
    - fmt (= 9.1.0)
    - glog
    - hermes-engine
    - RCT-Folly (= 2024.01.01.00)
    - React-callinvoker (= 0.74.0-nightly-20240114-f30acc6f5)
    - React-cxxreact (= 0.74.0-nightly-20240114-f30acc6f5)
    - React-jsi (= 0.74.0-nightly-20240114-f30acc6f5)
    - React-logger (= 0.74.0-nightly-20240114-f30acc6f5)
    - React-perflogger (= 0.74.0-nightly-20240114-f30acc6f5)
  - SocketRocket (0.7.0)
  - Yoga (0.0.0)

DEPENDENCIES:
  - boost (from `../node_modules/react-native/third-party-podspecs/boost.podspec`)
  - DoubleConversion (from `../node_modules/react-native/third-party-podspecs/DoubleConversion.podspec`)
  - FBLazyVector (from `../node_modules/react-native/Libraries/FBLazyVector`)
  - fmt (from `../node_modules/react-native/third-party-podspecs/fmt.podspec`)
  - glog (from `../node_modules/react-native/third-party-podspecs/glog.podspec`)
  - hermes-engine (from `../node_modules/react-native/sdks/hermes-engine/hermes-engine.podspec`)
  - RCT-Folly (from `../node_modules/react-native/third-party-podspecs/RCT-Folly.podspec`)
  - RCT-Folly/Fabric (from `../node_modules/react-native/third-party-podspecs/RCT-Folly.podspec`)
  - RCTDeprecation (from `../node_modules/react-native/ReactApple/Libraries/RCTFoundation/RCTDeprecation`)
  - RCTRequired (from `../node_modules/react-native/Libraries/Required`)
  - RCTTypeSafety (from `../node_modules/react-native/Libraries/TypeSafety`)
  - React (from `../node_modules/react-native/`)
  - React-callinvoker (from `../node_modules/react-native/ReactCommon/callinvoker`)
  - React-Codegen (from `build/generated/ios`)
  - React-Core (from `../node_modules/react-native/`)
  - React-Core/RCTWebSocket (from `../node_modules/react-native/`)
  - React-CoreModules (from `../node_modules/react-native/React/CoreModules`)
  - React-cxxreact (from `../node_modules/react-native/ReactCommon/cxxreact`)
  - React-debug (from `../node_modules/react-native/ReactCommon/react/debug`)
  - React-Fabric (from `../node_modules/react-native/ReactCommon`)
  - React-FabricImage (from `../node_modules/react-native/ReactCommon`)
  - React-graphics (from `../node_modules/react-native/ReactCommon/react/renderer/graphics`)
  - React-hermes (from `../node_modules/react-native/ReactCommon/hermes`)
  - React-ImageManager (from `../node_modules/react-native/ReactCommon/react/renderer/imagemanager/platform/ios`)
  - React-jserrorhandler (from `../node_modules/react-native/ReactCommon/jserrorhandler`)
  - React-jsi (from `../node_modules/react-native/ReactCommon/jsi`)
  - React-jsiexecutor (from `../node_modules/react-native/ReactCommon/jsiexecutor`)
  - React-jsinspector (from `../node_modules/react-native/ReactCommon/jsinspector-modern`)
  - React-jsitracing (from `../node_modules/react-native/ReactCommon/hermes/executor/`)
  - React-logger (from `../node_modules/react-native/ReactCommon/logger`)
  - React-Mapbuffer (from `../node_modules/react-native/ReactCommon`)
  - React-nativeconfig (from `../node_modules/react-native/ReactCommon`)
  - React-NativeModulesApple (from `../node_modules/react-native/ReactCommon/react/nativemodule/core/platform/ios`)
  - React-perflogger (from `../node_modules/react-native/ReactCommon/reactperflogger`)
  - React-RCTActionSheet (from `../node_modules/react-native/Libraries/ActionSheetIOS`)
  - React-RCTAnimation (from `../node_modules/react-native/Libraries/NativeAnimation`)
  - React-RCTAppDelegate (from `../node_modules/react-native/Libraries/AppDelegate`)
  - React-RCTBlob (from `../node_modules/react-native/Libraries/Blob`)
  - React-RCTFabric (from `../node_modules/react-native/React`)
  - React-RCTImage (from `../node_modules/react-native/Libraries/Image`)
  - React-RCTLinking (from `../node_modules/react-native/Libraries/LinkingIOS`)
  - React-RCTNetwork (from `../node_modules/react-native/Libraries/Network`)
  - React-RCTSettings (from `../node_modules/react-native/Libraries/Settings`)
  - React-RCTText (from `../node_modules/react-native/Libraries/Text`)
  - React-RCTVibration (from `../node_modules/react-native/Libraries/Vibration`)
  - React-rendererdebug (from `../node_modules/react-native/ReactCommon/react/renderer/debug`)
  - React-rncore (from `../node_modules/react-native/ReactCommon`)
  - React-RuntimeApple (from `../node_modules/react-native/ReactCommon/react/runtime/platform/ios`)
  - React-RuntimeCore (from `../node_modules/react-native/ReactCommon/react/runtime`)
  - React-runtimeexecutor (from `../node_modules/react-native/ReactCommon/runtimeexecutor`)
  - React-RuntimeHermes (from `../node_modules/react-native/ReactCommon/react/runtime`)
  - React-runtimescheduler (from `../node_modules/react-native/ReactCommon/react/renderer/runtimescheduler`)
  - React-utils (from `../node_modules/react-native/ReactCommon/react/utils`)
  - ReactCommon/turbomodule/core (from `../node_modules/react-native/ReactCommon`)
  - Yoga (from `../node_modules/react-native/ReactCommon/yoga`)

SPEC REPOS:
  trunk:
    - SocketRocket

EXTERNAL SOURCES:
  boost:
    :podspec: "../node_modules/react-native/third-party-podspecs/boost.podspec"
  DoubleConversion:
    :podspec: "../node_modules/react-native/third-party-podspecs/DoubleConversion.podspec"
  FBLazyVector:
    :path: "../node_modules/react-native/Libraries/FBLazyVector"
  fmt:
    :podspec: "../node_modules/react-native/third-party-podspecs/fmt.podspec"
  glog:
    :podspec: "../node_modules/react-native/third-party-podspecs/glog.podspec"
  hermes-engine:
    :podspec: "../node_modules/react-native/sdks/hermes-engine/hermes-engine.podspec"
    :tag: ''
  RCT-Folly:
    :podspec: "../node_modules/react-native/third-party-podspecs/RCT-Folly.podspec"
  RCTDeprecation:
    :path: "../node_modules/react-native/ReactApple/Libraries/RCTFoundation/RCTDeprecation"
  RCTRequired:
    :path: "../node_modules/react-native/Libraries/Required"
  RCTTypeSafety:
    :path: "../node_modules/react-native/Libraries/TypeSafety"
  React:
    :path: "../node_modules/react-native/"
  React-callinvoker:
    :path: "../node_modules/react-native/ReactCommon/callinvoker"
  React-Codegen:
    :path: build/generated/ios
  React-Core:
    :path: "../node_modules/react-native/"
  React-CoreModules:
    :path: "../node_modules/react-native/React/CoreModules"
  React-cxxreact:
    :path: "../node_modules/react-native/ReactCommon/cxxreact"
  React-debug:
    :path: "../node_modules/react-native/ReactCommon/react/debug"
  React-Fabric:
    :path: "../node_modules/react-native/ReactCommon"
  React-FabricImage:
    :path: "../node_modules/react-native/ReactCommon"
  React-graphics:
    :path: "../node_modules/react-native/ReactCommon/react/renderer/graphics"
  React-hermes:
    :path: "../node_modules/react-native/ReactCommon/hermes"
  React-ImageManager:
    :path: "../node_modules/react-native/ReactCommon/react/renderer/imagemanager/platform/ios"
  React-jserrorhandler:
    :path: "../node_modules/react-native/ReactCommon/jserrorhandler"
  React-jsi:
    :path: "../node_modules/react-native/ReactCommon/jsi"
  React-jsiexecutor:
    :path: "../node_modules/react-native/ReactCommon/jsiexecutor"
  React-jsinspector:
    :path: "../node_modules/react-native/ReactCommon/jsinspector-modern"
  React-jsitracing:
    :path: "../node_modules/react-native/ReactCommon/hermes/executor/"
  React-logger:
    :path: "../node_modules/react-native/ReactCommon/logger"
  React-Mapbuffer:
    :path: "../node_modules/react-native/ReactCommon"
  React-nativeconfig:
    :path: "../node_modules/react-native/ReactCommon"
  React-NativeModulesApple:
    :path: "../node_modules/react-native/ReactCommon/react/nativemodule/core/platform/ios"
  React-perflogger:
    :path: "../node_modules/react-native/ReactCommon/reactperflogger"
  React-RCTActionSheet:
    :path: "../node_modules/react-native/Libraries/ActionSheetIOS"
  React-RCTAnimation:
    :path: "../node_modules/react-native/Libraries/NativeAnimation"
  React-RCTAppDelegate:
    :path: "../node_modules/react-native/Libraries/AppDelegate"
  React-RCTBlob:
    :path: "../node_modules/react-native/Libraries/Blob"
  React-RCTFabric:
    :path: "../node_modules/react-native/React"
  React-RCTImage:
    :path: "../node_modules/react-native/Libraries/Image"
  React-RCTLinking:
    :path: "../node_modules/react-native/Libraries/LinkingIOS"
  React-RCTNetwork:
    :path: "../node_modules/react-native/Libraries/Network"
  React-RCTSettings:
    :path: "../node_modules/react-native/Libraries/Settings"
  React-RCTText:
    :path: "../node_modules/react-native/Libraries/Text"
  React-RCTVibration:
    :path: "../node_modules/react-native/Libraries/Vibration"
  React-rendererdebug:
    :path: "../node_modules/react-native/ReactCommon/react/renderer/debug"
  React-rncore:
    :path: "../node_modules/react-native/ReactCommon"
  React-RuntimeApple:
    :path: "../node_modules/react-native/ReactCommon/react/runtime/platform/ios"
  React-RuntimeCore:
    :path: "../node_modules/react-native/ReactCommon/react/runtime"
  React-runtimeexecutor:
    :path: "../node_modules/react-native/ReactCommon/runtimeexecutor"
  React-RuntimeHermes:
    :path: "../node_modules/react-native/ReactCommon/react/runtime"
  React-runtimescheduler:
    :path: "../node_modules/react-native/ReactCommon/react/renderer/runtimescheduler"
  React-utils:
    :path: "../node_modules/react-native/ReactCommon/react/utils"
  ReactCommon:
    :path: "../node_modules/react-native/ReactCommon"
  Yoga:
    :path: "../node_modules/react-native/ReactCommon/yoga"

SPEC CHECKSUMS:
  boost: d3f49c53809116a5d38da093a8aa78bf551aed09
  DoubleConversion: fea03f2699887d960129cc54bba7e52542b6f953
  FBLazyVector: 743a616271388e97bd3642658603e6cb24bf688c
  fmt: 4c2741a687cc09f0634a2e2c72a838b99f1ff120
  glog: c5d68082e772fa1c511173d6b30a9de2c05a69a2
  hermes-engine: f5ca1223f88a56f44ca54f08a152abfbe4f5469a
  RCT-Folly: 045d6ecaa59d826c5736dfba0b2f4083ff8d79df
  RCTDeprecation: 7b316433097536493a2aba3bbd5ee1fbb8cb7a8f
  RCTRequired: 7d4c7b1c71923e129ce2b1cab6162d8537dc9bf1
  RCTTypeSafety: d740db544325970c7d150a2c207f69bf211349d0
  React: fb181f7b1d93180d7856fef1d4d1d9b24f8dda05
  React-callinvoker: dccfe3df98b5da11702c564c38d75e14fdf85f08
  React-Codegen: 45833c824a4bde2929d2627fef99b946a7eee600
  React-Core: d960de99754a99056d2030b0f84f3e39f7407d5c
  React-CoreModules: b07f0471fdebedfa4359da3549854e56384700bd
  React-cxxreact: afe1d6f091cecdb082d378390ab5f61c2992f076
  React-debug: 161371d502dd74403710400484b35c862044463b
  React-Fabric: 7610bb9f8cc12d1e7fa99386ba88526a8242e0f5
  React-FabricImage: 8c2a462f2b21be607fe8d392e7f01606c3f4ac9e
  React-graphics: 7fc61b42517cda4ea8638675489b04e1f14129fa
  React-hermes: 52400c372e7469d11d34f690820f412b57faaa14
  React-ImageManager: 4ad68c941995dfd06c1bcb382166a04c728a04fa
  React-jserrorhandler: c6c9ef71cfbbce853a7e855edffdc4fa14af20c2
  React-jsi: 82b0de0d84a935d6d90a2be5359f506293fc6eae
  React-jsiexecutor: 923709040fc13fd0c7271a5d69fe24103d1868e0
  React-jsinspector: 6f463ce4d8ffe27fc2799751c9472edd9a377ccd
  React-jsitracing: f03cf00059b02e980c8b1e71751be779e4ba8546
  React-logger: 33f5df402f99c467a7d03095d7fdf9a308f2ed87
  React-Mapbuffer: 07d649d0e785b8182d5911f4a87fe4e1584f0d87
  React-nativeconfig: 862357c8848b4ed373f0bc43608137fbf92722e5
  React-NativeModulesApple: 10977fcb5e74a4fdab73d7345f3b909c007ffea8
  React-perflogger: 0bab55c12a8875f098585a63ff02cfe1ff35b052
  React-RCTActionSheet: a1813b06d52910da198bb060b212df1e585afc61
  React-RCTAnimation: d488e46b8bf5fcb48e414517127a9a5a1e3de8c0
  React-RCTAppDelegate: d7d28b895731f942ad909ed0673c0ad26674e3af
  React-RCTBlob: 7fcd5cf802cb44e497835b4a0e51662cd9de1c93
  React-RCTFabric: f3c9a91e1fb51d516df022486aea03cf72ea3ce7
  React-RCTImage: c48852e9e22e73cd9ea5cc1d0effeebe706638e4
  React-RCTLinking: 0dd6ed67ae1b61f145096de6568048d8a97c5f9e
  React-RCTNetwork: e1760b0335351cf2b8a3f99f8a3a23a15cab7dea
  React-RCTSettings: e58396f19062e76e025fd5155e46078c201f6ae7
  React-RCTText: b6000eb90cc0e9d6d2997fc8179622b8f001d423
  React-RCTVibration: 8428932a14aca72ab088632e41f99f1a488f5a2d
  React-rendererdebug: a5b6edef396297c91f5b547d9441532e716d0204
  React-rncore: bacdc4a94b925e39becc57fc1612e01371d33cf9
  React-RuntimeApple: 4d508fe62faefa8a220841d3718bcf1df3f6b378
  React-RuntimeCore: 7aba86aca120bedbb3c4f4218b93948c6c0662e7
  React-runtimeexecutor: bc0bffe3a7f6cdc96eced6b9d31b0908212f75cb
  React-RuntimeHermes: 4ba0a239335b4a2949b40c847d5fd7e612f5075b
  React-runtimescheduler: 9adbe94490c015deec54f176a2c88c19789691b2
  React-utils: f0fbe50467ea60b6eba9a80afb645fbe3103d997
  ReactCommon: 2278a19b60fbefb352d1a6d1f5210cd530ea8223
  SocketRocket: abac6f5de4d4d62d24e11868d7a2f427e0ef940d
  Yoga: 5ae72e9153b0298fbf503867f806e691cbf0ed9e

PODFILE CHECKSUM: 0dbb7e06a2bfed2cf96ecbd34156f92919dc5164

COCOAPODS: 1.14.3
